// !$*UTF8*$!
{
	archiveVersion = 1;
	classes = {
	};
	objectVersion = 77;
	objects = {

/* Begin PBXBuildFile section */
		B3031BD72D3BC28400E95BF8 /* Modelos.txt in Resources */ = {isa = PBXBuildFile; fileRef = B3031BBE2D3BC28400E95BF8 /* Modelos.txt */; };
		B3031BD82D3BC28400E95BF8 /* Lista de participantes.txt in Resources */ = {isa = PBXBuildFile; fileRef = B3031BC12D3BC28400E95BF8 /* Lista de participantes.txt */; };
		B3031BD92D3BC28400E95BF8 /* PreVieW.txt in Resources */ = {isa = PBXBuildFile; fileRef = B3031BC22D3BC28400E95BF8 /* PreVieW.txt */; };
		B3031BDA2D3BC28400E95BF8 /* Preview Assets.xcassets in Resources */ = {isa = PBXBuildFile; fileRef = B3031BC32D3BC28400E95BF8 /* Preview Assets.xcassets */; };
		B3031BDB2D3BC28400E95BF8 /* Utilidades.txt in Resources */ = {isa = PBXBuildFile; fileRef = B3031BC62D3BC28400E95BF8 /* Utilidades.txt */; };
		B3031BDD2D3BC28400E95BF8 /* VieWModel.txt in Resources */ = {isa = PBXBuildFile; fileRef = B3031BD22D3BC28400E95BF8 /* VieWModel.txt */; };
		B3031BDE2D3BC28400E95BF8 /* Assets.xcassets in Resources */ = {isa = PBXBuildFile; fileRef = B3031BD42D3BC28400E95BF8 /* Assets.xcassets */; };
		B3031BDF2D3BC28400E95BF8 /* TabItem.swift in Sources */ = {isa = PBXBuildFile; fileRef = B3031BBF2D3BC28400E95BF8 /* TabItem.swift */; };
		B3031BE02D3BC28400E95BF8 /* ViewMockHome.swift in Sources */ = {isa = PBXBuildFile; fileRef = B3031BC42D3BC28400E95BF8 /* ViewMockHome.swift */; };
		B3031BE12D3BC28400E95BF8 /* DefaultTimeButtonView.swift in Sources */ = {isa = PBXBuildFile; fileRef = B3031BC82D3BC28400E95BF8 /* DefaultTimeButtonView.swift */; };
		B3031BE22D3BC28400E95BF8 /* InteractiveTabBar.swift in Sources */ = {isa = PBXBuildFile; fileRef = B3031BC92D3BC28400E95BF8 /* InteractiveTabBar.swift */; };
		B3031BE32D3BC28400E95BF8 /* StartSessionButtonView.swift in Sources */ = {isa = PBXBuildFile; fileRef = B3031BCA2D3BC28400E95BF8 /* StartSessionButtonView.swift */; };
		B3031BE42D3BC28400E95BF8 /* TimerView.swift in Sources */ = {isa = PBXBuildFile; fileRef = B3031BCB2D3BC28400E95BF8 /* TimerView.swift */; };
		B3031BE52D3BC28400E95BF8 /* ContentView.swift in Sources */ = {isa = PBXBuildFile; fileRef = B3031BCD2D3BC28400E95BF8 /* ContentView.swift */; };
		B3031BE62D3BC28400E95BF8 /* DescripcionSesionView.swift in Sources */ = {isa = PBXBuildFile; fileRef = B3031BCE2D3BC28400E95BF8 /* DescripcionSesionView.swift */; };
		B3031BE72D3BC28400E95BF8 /* NombreSesionView.swift in Sources */ = {isa = PBXBuildFile; fileRef = B3031BCF2D3BC28400E95BF8 /* NombreSesionView.swift */; };
		B3031BE82D3BC28400E95BF8 /* Proyecto_1_PomodoroApp.swift in Sources */ = {isa = PBXBuildFile; fileRef = B3031BD52D3BC28400E95BF8 /* Proyecto_1_PomodoroApp.swift */; };
		B3031BEA2D3BC42300E95BF8 /* Main.swift in Sources */ = {isa = PBXBuildFile; fileRef = B3031BE92D3BC42300E95BF8 /* Main.swift */; };
/* End PBXBuildFile section */

/* Begin PBXFileReference section */
		B3031BBE2D3BC28400E95BF8 /* Modelos.txt */ = {isa = PBXFileReference; lastKnownFileType = text; path = Modelos.txt; sourceTree = "<group>"; };
		B3031BBF2D3BC28400E95BF8 /* TabItem.swift */ = {isa = PBXFileReference; lastKnownFileType = sourcecode.swift; path = TabItem.swift; sourceTree = "<group>"; };
		B3031BC12D3BC28400E95BF8 /* Lista de participantes.txt */ = {isa = PBXFileReference; lastKnownFileType = text; path = "Lista de participantes.txt"; sourceTree = "<group>"; };
		B3031BC22D3BC28400E95BF8 /* PreVieW.txt */ = {isa = PBXFileReference; lastKnownFileType = text; path = PreVieW.txt; sourceTree = "<group>"; };
		B3031BC32D3BC28400E95BF8 /* Preview Assets.xcassets */ = {isa = PBXFileReference; lastKnownFileType = folder.assetcatalog; path = "Preview Assets.xcassets"; sourceTree = "<group>"; };
		B3031BC42D3BC28400E95BF8 /* ViewMockHome.swift */ = {isa = PBXFileReference; lastKnownFileType = sourcecode.swift; path = ViewMockHome.swift; sourceTree = "<group>"; };
		B3031BC62D3BC28400E95BF8 /* Utilidades.txt */ = {isa = PBXFileReference; lastKnownFileType = text; path = Utilidades.txt; sourceTree = "<group>"; };
		B3031BC82D3BC28400E95BF8 /* DefaultTimeButtonView.swift */ = {isa = PBXFileReference; lastKnownFileType = sourcecode.swift; path = DefaultTimeButtonView.swift; sourceTree = "<group>"; };
		B3031BC92D3BC28400E95BF8 /* InteractiveTabBar.swift */ = {isa = PBXFileReference; lastKnownFileType = sourcecode.swift; path = InteractiveTabBar.swift; sourceTree = "<group>"; };
		B3031BCA2D3BC28400E95BF8 /* StartSessionButtonView.swift */ = {isa = PBXFileReference; lastKnownFileType = sourcecode.swift; path = StartSessionButtonView.swift; sourceTree = "<group>"; };
		B3031BCB2D3BC28400E95BF8 /* TimerView.swift */ = {isa = PBXFileReference; lastKnownFileType = sourcecode.swift; path = TimerView.swift; sourceTree = "<group>"; };
		B3031BCD2D3BC28400E95BF8 /* ContentView.swift */ = {isa = PBXFileReference; lastKnownFileType = sourcecode.swift; path = ContentView.swift; sourceTree = "<group>"; };
		B3031BCE2D3BC28400E95BF8 /* DescripcionSesionView.swift */ = {isa = PBXFileReference; lastKnownFileType = sourcecode.swift; path = DescripcionSesionView.swift; sourceTree = "<group>"; };
		B3031BCF2D3BC28400E95BF8 /* NombreSesionView.swift */ = {isa = PBXFileReference; lastKnownFileType = sourcecode.swift; path = NombreSesionView.swift; sourceTree = "<group>"; };
		B3031BD22D3BC28400E95BF8 /* VieWModel.txt */ = {isa = PBXFileReference; lastKnownFileType = text; path = VieWModel.txt; sourceTree = "<group>"; };
		B3031BD42D3BC28400E95BF8 /* Assets.xcassets */ = {isa = PBXFileReference; lastKnownFileType = folder.assetcatalog; path = Assets.xcassets; sourceTree = "<group>"; };
		B3031BD52D3BC28400E95BF8 /* Proyecto_1_PomodoroApp.swift */ = {isa = PBXFileReference; lastKnownFileType = sourcecode.swift; path = Proyecto_1_PomodoroApp.swift; sourceTree = "<group>"; };
		B3031BE92D3BC42300E95BF8 /* Main.swift */ = {isa = PBXFileReference; lastKnownFileType = sourcecode.swift; path = Main.swift; sourceTree = "<group>"; };
		B3213EC52D2A9CCE00D33653 /* Proyecto_1_Pomodoro.app */ = {isa = PBXFileReference; explicitFileType = wrapper.application; includeInIndex = 0; path = Proyecto_1_Pomodoro.app; sourceTree = BUILT_PRODUCTS_DIR; };
/* End PBXFileReference section */

/* Begin PBXFrameworksBuildPhase section */
		B3213EC22D2A9CCE00D33653 /* Frameworks */ = {
			isa = PBXFrameworksBuildPhase;
			buildActionMask = 2147483647;
			files = (
			);
			runOnlyForDeploymentPostprocessing = 0;
		};
/* End PBXFrameworksBuildPhase section */

/* Begin PBXGroup section */
		B3031BC02D3BC28400E95BF8 /* Models */ = {
			isa = PBXGroup;
			children = (
				B3031BBE2D3BC28400E95BF8 /* Modelos.txt */,
				B3031BBF2D3BC28400E95BF8 /* TabItem.swift */,
			);
			path = Models;
			sourceTree = "<group>";
		};
		B3031BC52D3BC28400E95BF8 /* Preview Content */ = {
			isa = PBXGroup;
			children = (
				B3031BC12D3BC28400E95BF8 /* Lista de participantes.txt */,
				B3031BC22D3BC28400E95BF8 /* PreVieW.txt */,
				B3031BC32D3BC28400E95BF8 /* Preview Assets.xcassets */,
				B3031BC42D3BC28400E95BF8 /* ViewMockHome.swift */,
			);
			path = "Preview Content";
			sourceTree = "<group>";
		};
		B3031BC72D3BC28400E95BF8 /* Tools */ = {
			isa = PBXGroup;
			children = (
				B3031BC62D3BC28400E95BF8 /* Utilidades.txt */,
			);
			path = Tools;
			sourceTree = "<group>";
		};
		B3031BCC2D3BC28400E95BF8 /* Components */ = {
			isa = PBXGroup;
			children = (
				B3031BC82D3BC28400E95BF8 /* DefaultTimeButtonView.swift */,
				B3031BC92D3BC28400E95BF8 /* InteractiveTabBar.swift */,
				B3031BCA2D3BC28400E95BF8 /* StartSessionButtonView.swift */,
				B3031BCB2D3BC28400E95BF8 /* TimerView.swift */,
			);
			path = Components;
			sourceTree = "<group>";
		};
		B3031BD12D3BC28400E95BF8 /* View */ = {
			isa = PBXGroup;
			children = (
				B3031BCC2D3BC28400E95BF8 /* Components */,
				B3031BCD2D3BC28400E95BF8 /* ContentView.swift */,
				B3031BCE2D3BC28400E95BF8 /* DescripcionSesionView.swift */,
				B3031BCF2D3BC28400E95BF8 /* NombreSesionView.swift */,
				B3031BE92D3BC42300E95BF8 /* Main.swift */,
			);
			path = View;
			sourceTree = "<group>";
		};
		B3031BD32D3BC28400E95BF8 /* ViewModels */ = {
			isa = PBXGroup;
			children = (
				B3031BD22D3BC28400E95BF8 /* VieWModel.txt */,
			);
			path = ViewModels;
			sourceTree = "<group>";
		};
		B3031BD62D3BC28400E95BF8 /* Proyecto_1_Pomodoro */ = {
			isa = PBXGroup;
			children = (
				B3031BC02D3BC28400E95BF8 /* Models */,
				B3031BD12D3BC28400E95BF8 /* View */,
				B3031BD32D3BC28400E95BF8 /* ViewModels */,
				B3031BC52D3BC28400E95BF8 /* Preview Content */,
				B3031BC72D3BC28400E95BF8 /* Tools */,
				B3031BD42D3BC28400E95BF8 /* Assets.xcassets */,
				B3031BD52D3BC28400E95BF8 /* Proyecto_1_PomodoroApp.swift */,
			);
			path = Proyecto_1_Pomodoro;
			sourceTree = "<group>";
		};
		B3213EBC2D2A9CCE00D33653 = {
			isa = PBXGroup;
			children = (
				B3031BD62D3BC28400E95BF8 /* Proyecto_1_Pomodoro */,
				B3213EC62D2A9CCE00D33653 /* Products */,
			);
			sourceTree = "<group>";
		};
		B3213EC62D2A9CCE00D33653 /* Products */ = {
			isa = PBXGroup;
			children = (
				B3213EC52D2A9CCE00D33653 /* Proyecto_1_Pomodoro.app */,
			);
			name = Products;
			sourceTree = "<group>";
		};
/* End PBXGroup section */

/* Begin PBXNativeTarget section */
		B3213EC42D2A9CCE00D33653 /* Proyecto_1_Pomodoro */ = {
			isa = PBXNativeTarget;
			buildConfigurationList = B3213ED32D2A9CCF00D33653 /* Build configuration list for PBXNativeTarget "Proyecto_1_Pomodoro" */;
			buildPhases = (
				B3213EC12D2A9CCE00D33653 /* Sources */,
				B3213EC22D2A9CCE00D33653 /* Frameworks */,
				B3213EC32D2A9CCE00D33653 /* Resources */,
			);
			buildRules = (
			);
			dependencies = (
			);
			name = Proyecto_1_Pomodoro;
			packageProductDependencies = (
			);
			productName = Proyecto_1_Pomodoro;
			productReference = B3213EC52D2A9CCE00D33653 /* Proyecto_1_Pomodoro.app */;
			productType = "com.apple.product-type.application";
		};
/* End PBXNativeTarget section */

/* Begin PBXProject section */
		B3213EBD2D2A9CCE00D33653 /* Project object */ = {
			isa = PBXProject;
			attributes = {
				BuildIndependentTargetsInParallel = 1;
				LastSwiftUpdateCheck = 1620;
				LastUpgradeCheck = 1620;
				TargetAttributes = {
					B3213EC42D2A9CCE00D33653 = {
						CreatedOnToolsVersion = 16.2;
					};
				};
			};
			buildConfigurationList = B3213EC02D2A9CCE00D33653 /* Build configuration list for PBXProject "Proyecto_1_Pomodoro" */;
			developmentRegion = en;
			hasScannedForEncodings = 0;
			knownRegions = (
				en,
				Base,
			);
			mainGroup = B3213EBC2D2A9CCE00D33653;
			minimizedProjectReferenceProxies = 1;
			preferredProjectObjectVersion = 77;
			productRefGroup = B3213EC62D2A9CCE00D33653 /* Products */;
			projectDirPath = "";
			projectRoot = "";
			targets = (
				B3213EC42D2A9CCE00D33653 /* Proyecto_1_Pomodoro */,
			);
		};
/* End PBXProject section */

/* Begin PBXResourcesBuildPhase section */
		B3213EC32D2A9CCE00D33653 /* Resources */ = {
			isa = PBXResourcesBuildPhase;
			buildActionMask = 2147483647;
			files = (
				B3031BD72D3BC28400E95BF8 /* Modelos.txt in Resources */,
				B3031BD82D3BC28400E95BF8 /* Lista de participantes.txt in Resources */,
				B3031BD92D3BC28400E95BF8 /* PreVieW.txt in Resources */,
				B3031BDA2D3BC28400E95BF8 /* Preview Assets.xcassets in Resources */,
				B3031BDB2D3BC28400E95BF8 /* Utilidades.txt in Resources */,
				B3031BDD2D3BC28400E95BF8 /* VieWModel.txt in Resources */,
				B3031BDE2D3BC28400E95BF8 /* Assets.xcassets in Resources */,
			);
			runOnlyForDeploymentPostprocessing = 0;
		};
/* End PBXResourcesBuildPhase section */

/* Begin PBXSourcesBuildPhase section */
		B3213EC12D2A9CCE00D33653 /* Sources */ = {
			isa = PBXSourcesBuildPhase;
			buildActionMask = 2147483647;
			files = (
				B3031BDF2D3BC28400E95BF8 /* TabItem.swift in Sources */,
				B3031BE02D3BC28400E95BF8 /* ViewMockHome.swift in Sources */,
				B3031BEA2D3BC42300E95BF8 /* Main.swift in Sources */,
				B3031BE12D3BC28400E95BF8 /* DefaultTimeButtonView.swift in Sources */,
				B3031BE22D3BC28400E95BF8 /* InteractiveTabBar.swift in Sources */,
				B3031BE32D3BC28400E95BF8 /* StartSessionButtonView.swift in Sources */,
				B3031BE42D3BC28400E95BF8 /* TimerView.swift in Sources */,
				B3031BE52D3BC28400E95BF8 /* ContentView.swift in Sources */,
				B3031BE62D3BC28400E95BF8 /* DescripcionSesionView.swift in Sources */,
				B3031BE72D3BC28400E95BF8 /* NombreSesionView.swift in Sources */,
				B3031BE82D3BC28400E95BF8 /* Proyecto_1_PomodoroApp.swift in Sources */,
			);
			runOnlyForDeploymentPostprocessing = 0;
		};
/* End PBXSourcesBuildPhase section */

/* Begin XCBuildConfiguration section */
		B3213ED12D2A9CCF00D33653 /* Debug */ = {
			isa = XCBuildConfiguration;
			buildSettings = {
				ALWAYS_SEARCH_USER_PATHS = NO;
				ASSETCATALOG_COMPILER_GENERATE_SWIFT_ASSET_SYMBOL_EXTENSIONS = YES;
				CLANG_ANALYZER_NONNULL = YES;
				CLANG_ANALYZER_NUMBER_OBJECT_CONVERSION = YES_AGGRESSIVE;
				CLANG_CXX_LANGUAGE_STANDARD = "gnu++20";
				CLANG_ENABLE_MODULES = YES;
				CLANG_ENABLE_OBJC_ARC = YES;
				CLANG_ENABLE_OBJC_WEAK = YES;
				CLANG_WARN_BLOCK_CAPTURE_AUTORELEASING = YES;
				CLANG_WARN_BOOL_CONVERSION = YES;
				CLANG_WARN_COMMA = YES;
				CLANG_WARN_CONSTANT_CONVERSION = YES;
				CLANG_WARN_DEPRECATED_OBJC_IMPLEMENTATIONS = YES;
				CLANG_WARN_DIRECT_OBJC_ISA_USAGE = YES_ERROR;
				CLANG_WARN_DOCUMENTATION_COMMENTS = YES;
				CLANG_WARN_EMPTY_BODY = YES;
				CLANG_WARN_ENUM_CONVERSION = YES;
				CLANG_WARN_INFINITE_RECURSION = YES;
				CLANG_WARN_INT_CONVERSION = YES;
				CLANG_WARN_NON_LITERAL_NULL_CONVERSION = YES;
				CLANG_WARN_OBJC_IMPLICIT_RETAIN_SELF = YES;
				CLANG_WARN_OBJC_LITERAL_CONVERSION = YES;
				CLANG_WARN_OBJC_ROOT_CLASS = YES_ERROR;
				CLANG_WARN_QUOTED_INCLUDE_IN_FRAMEWORK_HEADER = YES;
				CLANG_WARN_RANGE_LOOP_ANALYSIS = YES;
				CLANG_WARN_STRICT_PROTOTYPES = YES;
				CLANG_WARN_SUSPICIOUS_MOVE = YES;
				CLANG_WARN_UNGUARDED_AVAILABILITY = YES_AGGRESSIVE;
				CLANG_WARN_UNREACHABLE_CODE = YES;
				CLANG_WARN__DUPLICATE_METHOD_MATCH = YES;
				COPY_PHASE_STRIP = NO;
				DEBUG_INFORMATION_FORMAT = dwarf;
				ENABLE_STRICT_OBJC_MSGSEND = YES;
				ENABLE_TESTABILITY = YES;
				ENABLE_USER_SCRIPT_SANDBOXING = YES;
				GCC_C_LANGUAGE_STANDARD = gnu17;
				GCC_DYNAMIC_NO_PIC = NO;
				GCC_NO_COMMON_BLOCKS = YES;
				GCC_OPTIMIZATION_LEVEL = 0;
				GCC_PREPROCESSOR_DEFINITIONS = (
					"DEBUG=1",
					"$(inherited)",
				);
				GCC_WARN_64_TO_32_BIT_CONVERSION = YES;
				GCC_WARN_ABOUT_RETURN_TYPE = YES_ERROR;
				GCC_WARN_UNDECLARED_SELECTOR = YES;
				GCC_WARN_UNINITIALIZED_AUTOS = YES_AGGRESSIVE;
				GCC_WARN_UNUSED_FUNCTION = YES;
				GCC_WARN_UNUSED_VARIABLE = YES;
				IPHONEOS_DEPLOYMENT_TARGET = 18.2;
				LOCALIZATION_PREFERS_STRING_CATALOGS = YES;
				MTL_ENABLE_DEBUG_INFO = INCLUDE_SOURCE;
				MTL_FAST_MATH = YES;
				ONLY_ACTIVE_ARCH = YES;
				SDKROOT = iphoneos;
				SWIFT_ACTIVE_COMPILATION_CONDITIONS = "DEBUG $(inherited)";
				SWIFT_OPTIMIZATION_LEVEL = "-Onone";
			};
			name = Debug;
		};
		B3213ED22D2A9CCF00D33653 /* Release */ = {
			isa = XCBuildConfiguration;
			buildSettings = {
				ALWAYS_SEARCH_USER_PATHS = NO;
				ASSETCATALOG_COMPILER_GENERATE_SWIFT_ASSET_SYMBOL_EXTENSIONS = YES;
				CLANG_ANALYZER_NONNULL = YES;
				CLANG_ANALYZER_NUMBER_OBJECT_CONVERSION = YES_AGGRESSIVE;
				CLANG_CXX_LANGUAGE_STANDARD = "gnu++20";
				CLANG_ENABLE_MODULES = YES;
				CLANG_ENABLE_OBJC_ARC = YES;
				CLANG_ENABLE_OBJC_WEAK = YES;
				CLANG_WARN_BLOCK_CAPTURE_AUTORELEASING = YES;
				CLANG_WARN_BOOL_CONVERSION = YES;
				CLANG_WARN_COMMA = YES;
				CLANG_WARN_CONSTANT_CONVERSION = YES;
				CLANG_WARN_DEPRECATED_OBJC_IMPLEMENTATIONS = YES;
				CLANG_WARN_DIRECT_OBJC_ISA_USAGE = YES_ERROR;
				CLANG_WARN_DOCUMENTATION_COMMENTS = YES;
				CLANG_WARN_EMPTY_BODY = YES;
				CLANG_WARN_ENUM_CONVERSION = YES;
				CLANG_WARN_INFINITE_RECURSION = YES;
				CLANG_WARN_INT_CONVERSION = YES;
				CLANG_WARN_NON_LITERAL_NULL_CONVERSION = YES;
				CLANG_WARN_OBJC_IMPLICIT_RETAIN_SELF = YES;
				CLANG_WARN_OBJC_LITERAL_CONVERSION = YES;
				CLANG_WARN_OBJC_ROOT_CLASS = YES_ERROR;
				CLANG_WARN_QUOTED_INCLUDE_IN_FRAMEWORK_HEADER = YES;
				CLANG_WARN_RANGE_LOOP_ANALYSIS = YES;
				CLANG_WARN_STRICT_PROTOTYPES = YES;
				CLANG_WARN_SUSPICIOUS_MOVE = YES;
				CLANG_WARN_UNGUARDED_AVAILABILITY = YES_AGGRESSIVE;
				CLANG_WARN_UNREACHABLE_CODE = YES;
				CLANG_WARN__DUPLICATE_METHOD_MATCH = YES;
				COPY_PHASE_STRIP = NO;
				DEBUG_INFORMATION_FORMAT = "dwarf-with-dsym";
				ENABLE_NS_ASSERTIONS = NO;
				ENABLE_STRICT_OBJC_MSGSEND = YES;
				ENABLE_USER_SCRIPT_SANDBOXING = YES;
				GCC_C_LANGUAGE_STANDARD = gnu17;
				GCC_NO_COMMON_BLOCKS = YES;
				GCC_WARN_64_TO_32_BIT_CONVERSION = YES;
				GCC_WARN_ABOUT_RETURN_TYPE = YES_ERROR;
				GCC_WARN_UNDECLARED_SELECTOR = YES;
				GCC_WARN_UNINITIALIZED_AUTOS = YES_AGGRESSIVE;
				GCC_WARN_UNUSED_FUNCTION = YES;
				GCC_WARN_UNUSED_VARIABLE = YES;
				IPHONEOS_DEPLOYMENT_TARGET = 18.2;
				LOCALIZATION_PREFERS_STRING_CATALOGS = YES;
				MTL_ENABLE_DEBUG_INFO = NO;
				MTL_FAST_MATH = YES;
				SDKROOT = iphoneos;
				SWIFT_COMPILATION_MODE = wholemodule;
				VALIDATE_PRODUCT = YES;
			};
			name = Release;
		};
		B3213ED42D2A9CCF00D33653 /* Debug */ = {
			isa = XCBuildConfiguration;
			buildSettings = {
				ASSETCATALOG_COMPILER_APPICON_NAME = AppIcon;
				ASSETCATALOG_COMPILER_GLOBAL_ACCENT_COLOR_NAME = AccentColor;
				CODE_SIGN_STYLE = Automatic;
				CURRENT_PROJECT_VERSION = 1;
				DEVELOPMENT_ASSET_PATHS = "\"Proyecto_1_Pomodoro/Preview Content\"";
				DEVELOPMENT_TEAM = TW5ALJNBYM;
				ENABLE_PREVIEWS = YES;
				GENERATE_INFOPLIST_FILE = YES;
				INFOPLIST_KEY_UIApplicationSceneManifest_Generation = YES;
				INFOPLIST_KEY_UIApplicationSupportsIndirectInputEvents = YES;
				INFOPLIST_KEY_UILaunchScreen_Generation = YES;
				INFOPLIST_KEY_UISupportedInterfaceOrientations_iPad = "UIInterfaceOrientationPortrait UIInterfaceOrientationPortraitUpsideDown UIInterfaceOrientationLandscapeLeft UIInterfaceOrientationLandscapeRight";
				INFOPLIST_KEY_UISupportedInterfaceOrientations_iPhone = "UIInterfaceOrientationPortrait UIInterfaceOrientationLandscapeLeft UIInterfaceOrientationLandscapeRight";
				LD_RUNPATH_SEARCH_PATHS = (
					"$(inherited)",
					"@executable_path/Frameworks",
				);
				MARKETING_VERSION = 1.0;
				PRODUCT_BUNDLE_IDENTIFIER = "kontrol-design-studio.Proyecto-1-Pomodoro";
				PRODUCT_NAME = "$(TARGET_NAME)";
				SWIFT_EMIT_LOC_STRINGS = YES;
				SWIFT_VERSION = 6.0;
				TARGETED_DEVICE_FAMILY = "1,2";
			};
			name = Debug;
		};
		B3213ED52D2A9CCF00D33653 /* Release */ = {
			isa = XCBuildConfiguration;
			buildSettings = {
				ASSETCATALOG_COMPILER_APPICON_NAME = AppIcon;
				ASSETCATALOG_COMPILER_GLOBAL_ACCENT_COLOR_NAME = AccentColor;
				CODE_SIGN_STYLE = Automatic;
				CURRENT_PROJECT_VERSION = 1;
				DEVELOPMENT_ASSET_PATHS = "\"Proyecto_1_Pomodoro/Preview Content\"";
				DEVELOPMENT_TEAM = TW5ALJNBYM;
				ENABLE_PREVIEWS = YES;
				GENERATE_INFOPLIST_FILE = YES;
				INFOPLIST_KEY_UIApplicationSceneManifest_Generation = YES;
				INFOPLIST_KEY_UIApplicationSupportsIndirectInputEvents = YES;
				INFOPLIST_KEY_UILaunchScreen_Generation = YES;
				INFOPLIST_KEY_UISupportedInterfaceOrientations_iPad = "UIInterfaceOrientationPortrait UIInterfaceOrientationPortraitUpsideDown UIInterfaceOrientationLandscapeLeft UIInterfaceOrientationLandscapeRight";
				INFOPLIST_KEY_UISupportedInterfaceOrientations_iPhone = "UIInterfaceOrientationPortrait UIInterfaceOrientationLandscapeLeft UIInterfaceOrientationLandscapeRight";
				LD_RUNPATH_SEARCH_PATHS = (
					"$(inherited)",
					"@executable_path/Frameworks",
				);
				MARKETING_VERSION = 1.0;
				PRODUCT_BUNDLE_IDENTIFIER = "kontrol-design-studio.Proyecto-1-Pomodoro";
				PRODUCT_NAME = "$(TARGET_NAME)";
				SWIFT_EMIT_LOC_STRINGS = YES;
				SWIFT_VERSION = 6.0;
				TARGETED_DEVICE_FAMILY = "1,2";
			};
			name = Release;
		};
/* End XCBuildConfiguration section */

/* Begin XCConfigurationList section */
		B3213EC02D2A9CCE00D33653 /* Build configuration list for PBXProject "Proyecto_1_Pomodoro" */ = {
			isa = XCConfigurationList;
			buildConfigurations = (
				B3213ED12D2A9CCF00D33653 /* Debug */,
				B3213ED22D2A9CCF00D33653 /* Release */,
			);
			defaultConfigurationIsVisible = 0;
			defaultConfigurationName = Release;
		};
		B3213ED32D2A9CCF00D33653 /* Build configuration list for PBXNativeTarget "Proyecto_1_Pomodoro" */ = {
			isa = XCConfigurationList;
			buildConfigurations = (
				B3213ED42D2A9CCF00D33653 /* Debug */,
				B3213ED52D2A9CCF00D33653 /* Release */,
			);
			defaultConfigurationIsVisible = 0;
			defaultConfigurationName = Release;
		};
/* End XCConfigurationList section */
	};
	rootObject = B3213EBD2D2A9CCE00D33653 /* Project object */;
}
